{
  "nodes": {
    "nixpkgs": {
      "locked": {
        "lastModified": 1732632634,
        "narHash": "sha256-+G7n/ZD635aN0sEXQLynU7pWMd3PKDM7yBIXvYmjABQ=",
        "owner": "nixos",
        "repo": "nixpkgs",
        "rev": "6f6076c37180ea3a916f84928cf3a714c5207a30",
        "type": "github"
      },
      "original": {
        "owner": "nixos",
        "ref": "nixos-24.05",
        "repo": "nixpkgs",
        "type": "github"
      }
    },
    "root": {
      "inputs": {
        "nixpkgs": "nixpkgs"
      }
    }
  },
  "root": "root",
  "version": 7
}
